{"version":4,"terraform_version":"1.10.0","serial":105,"lineage":"b96f6140-2cba-19f0-c20c-80ca1b0cc621","outputs":{"application_info":{"value":{"endpoint":"https://app-caacbd12b22c.example.com","version":"v5kl2wz65"},"type":["object",{"endpoint":"string","version":"string"}]},"completion_message":{"value":"All slow resources created!","type":"string"},"database_info":{"value":{"connection":"postgresql://user:NfQ!CWLbmwZrL]Cv@db-6997ccb96a1d958d.example.com:5432/ZcVmy0IVQ4HO","status":"ready"},"type":["object",{"connection":"string","status":"string"}],"sensitive":true},"deployment_summary":{"value":"All components deployed successfully!","type":"string"},"network_info":{"value":{"subnet_ids":["subnet-8703d7bd","subnet-74f8f491","subnet-7d7d19f2"],"vpc_id":"vpc-6fe9231a"},"type":["object",{"subnet_ids":["tuple",["string","string","string"]],"vpc_id":"string"}]}},"resources":[{"mode":"managed","type":"null_resource","name":"final_check","provider":"provider[\"registry.opentofu.org/hashicorp/null\"]","instances":[{"schema_version":0,"attributes":{"id":"7349609156708050366","triggers":null},"sensitive_attributes":[],"dependencies":["module.application.null_resource.app_build","module.application.null_resource.app_deploy_1","module.application.null_resource.app_deploy_2","module.application.null_resource.app_deploy_3","module.application.null_resource.container_push","module.application.null_resource.health_check","module.application.null_resource.load_balancer","module.application.null_resource.monitoring","module.application.random_id.app_id","module.application.random_string.app_version","module.database.null_resource.db_backup_setup","module.database.null_resource.db_create","module.database.null_resource.db_migrate","module.database.null_resource.db_replication","module.database.random_id.db_instance_id","module.database.random_password.db_password","module.network.null_resource.igw_create","module.network.null_resource.route_table","module.network.null_resource.security_group","module.network.null_resource.subnet_1_create","module.network.null_resource.subnet_2_create","module.network.null_resource.subnet_3_create","module.network.null_resource.vpc_create","module.network.random_id.subnet_1","module.network.random_id.subnet_2","module.network.random_id.subnet_3","module.network.random_id.vpc_id","random_string.root_config"]}]},{"mode":"managed","type":"null_resource","name":"root_slow1","provider":"provider[\"registry.opentofu.org/hashicorp/null\"]","instances":[{"schema_version":0,"attributes":{"id":"9070288019504620272","triggers":{"timestamp":"2025-05-28T20:53:15Z"}},"sensitive_attributes":[]}]},{"mode":"managed","type":"null_resource","name":"root_slow2","provider":"provider[\"registry.opentofu.org/hashicorp/null\"]","instances":[{"schema_version":0,"attributes":{"id":"8158359083668702330","triggers":null},"sensitive_attributes":[],"dependencies":["null_resource.root_slow1"]}]},{"mode":"managed","type":"null_resource","name":"slow1","provider":"provider[\"registry.opentofu.org/hashicorp/null\"]","instances":[{"schema_version":0,"attributes":{"id":"5481541767458356065","triggers":null},"sensitive_attributes":[]}]},{"mode":"managed","type":"null_resource","name":"slow2","provider":"provider[\"registry.opentofu.org/hashicorp/null\"]","instances":[{"schema_version":0,"attributes":{"id":"3928797939152418775","triggers":null},"sensitive_attributes":[]}]},{"mode":"managed","type":"null_resource","name":"slow3","provider":"provider[\"registry.opentofu.org/hashicorp/null\"]","instances":[{"schema_version":0,"attributes":{"id":"1166279394543064384","triggers":null},"sensitive_attributes":[],"dependencies":["null_resource.slow1"]}]},{"mode":"managed","type":"null_resource","name":"slow4","provider":"provider[\"registry.opentofu.org/hashicorp/null\"]","instances":[{"schema_version":0,"attributes":{"id":"2401322661250081430","triggers":null},"sensitive_attributes":[],"dependencies":["null_resource.slow2"]}]},{"mode":"managed","type":"random_id","name":"root_fast1","provider":"provider[\"registry.opentofu.org/hashicorp/random\"]","instances":[{"schema_version":0,"attributes":{"b64_std":"DVGaew==","b64_url":"DVGaew","byte_length":4,"dec":"223451771","hex":"0d519a7b","id":"DVGaew","keepers":null,"prefix":null},"sensitive_attributes":[]}]},{"mode":"managed","type":"random_id","name":"root_fast2","provider":"provider[\"registry.opentofu.org/hashicorp/random\"]","instances":[{"schema_version":0,"attributes":{"b64_std":"2vePPg==","b64_url":"2vePPg","byte_length":4,"dec":"3673657150","hex":"daf78f3e","id":"2vePPg","keepers":null,"prefix":null},"sensitive_attributes":[]}]},{"mode":"managed","type":"random_string","name":"root_config","provider":"provider[\"registry.opentofu.org/hashicorp/random\"]","instances":[{"schema_version":2,"attributes":{"id":"ZcVmy0IVQ4HO","keepers":null,"length":12,"lower":true,"min_lower":0,"min_numeric":0,"min_special":0,"min_upper":0,"number":true,"numeric":true,"override_special":null,"result":"ZcVmy0IVQ4HO","special":false,"upper":true},"sensitive_attributes":[]}]},{"module":"module.application","mode":"managed","type":"null_resource","name":"app_build","provider":"provider[\"registry.opentofu.org/hashicorp/null\"]","instances":[{"schema_version":0,"attributes":{"id":"1464173511682746630","triggers":{"app_id":"caacbd12b22c","app_version":"5kl2wz65"}},"sensitive_attributes":[],"dependencies":["module.application.random_id.app_id","module.application.random_string.app_version","module.database.null_resource.db_backup_setup","module.database.null_resource.db_create","module.database.null_resource.db_migrate","module.database.null_resource.db_replication","module.database.random_id.db_instance_id","module.database.random_password.db_password","module.network.null_resource.igw_create","module.network.null_resource.route_table","module.network.null_resource.security_group","module.network.null_resource.subnet_1_create","module.network.null_resource.subnet_2_create","module.network.null_resource.subnet_3_create","module.network.null_resource.vpc_create","module.network.random_id.subnet_1","module.network.random_id.subnet_2","module.network.random_id.subnet_3","module.network.random_id.vpc_id","random_string.root_config"]}]},{"module":"module.application","mode":"managed","type":"null_resource","name":"app_deploy_1","provider":"provider[\"registry.opentofu.org/hashicorp/null\"]","instances":[{"schema_version":0,"attributes":{"id":"2016853727936419149","triggers":null},"sensitive_attributes":[],"dependencies":["module.application.null_resource.app_build","module.application.null_resource.container_push","module.application.null_resource.load_balancer","module.application.random_id.app_id","module.application.random_string.app_version","module.database.null_resource.db_backup_setup","module.database.null_resource.db_create","module.database.null_resource.db_migrate","module.database.null_resource.db_replication","module.database.random_id.db_instance_id","module.database.random_password.db_password","module.network.null_resource.igw_create","module.network.null_resource.route_table","module.network.null_resource.security_group","module.network.null_resource.subnet_1_create","module.network.null_resource.subnet_2_create","module.network.null_resource.subnet_3_create","module.network.null_resource.vpc_create","module.network.random_id.subnet_1","module.network.random_id.subnet_2","module.network.random_id.subnet_3","module.network.random_id.vpc_id","random_string.root_config"]}]},{"module":"module.application","mode":"managed","type":"null_resource","name":"app_deploy_2","provider":"provider[\"registry.opentofu.org/hashicorp/null\"]","instances":[{"schema_version":0,"attributes":{"id":"8299341703551070202","triggers":null},"sensitive_attributes":[],"dependencies":["module.application.null_resource.app_build","module.application.null_resource.container_push","module.application.null_resource.load_balancer","module.application.random_id.app_id","module.application.random_string.app_version","module.database.null_resource.db_backup_setup","module.database.null_resource.db_create","module.database.null_resource.db_migrate","module.database.null_resource.db_replication","module.database.random_id.db_instance_id","module.database.random_password.db_password","module.network.null_resource.igw_create","module.network.null_resource.route_table","module.network.null_resource.security_group","module.network.null_resource.subnet_1_create","module.network.null_resource.subnet_2_create","module.network.null_resource.subnet_3_create","module.network.null_resource.vpc_create","module.network.random_id.subnet_1","module.network.random_id.subnet_2","module.network.random_id.subnet_3","module.network.random_id.vpc_id","random_string.root_config"]}]},{"module":"module.application","mode":"managed","type":"null_resource","name":"app_deploy_3","provider":"provider[\"registry.opentofu.org/hashicorp/null\"]","instances":[{"schema_version":0,"attributes":{"id":"7846104376583620386","triggers":null},"sensitive_attributes":[],"dependencies":["module.application.null_resource.app_build","module.application.null_resource.container_push","module.application.null_resource.load_balancer","module.application.random_id.app_id","module.application.random_string.app_version","module.database.null_resource.db_backup_setup","module.database.null_resource.db_create","module.database.null_resource.db_migrate","module.database.null_resource.db_replication","module.database.random_id.db_instance_id","module.database.random_password.db_password","module.network.null_resource.igw_create","module.network.null_resource.route_table","module.network.null_resource.security_group","module.network.null_resource.subnet_1_create","module.network.null_resource.subnet_2_create","module.network.null_resource.subnet_3_create","module.network.null_resource.vpc_create","module.network.random_id.subnet_1","module.network.random_id.subnet_2","module.network.random_id.subnet_3","module.network.random_id.vpc_id","random_string.root_config"]}]},{"module":"module.application","mode":"managed","type":"null_resource","name":"container_push","provider":"provider[\"registry.opentofu.org/hashicorp/null\"]","instances":[{"schema_version":0,"attributes":{"id":"1952829104616445244","triggers":null},"sensitive_attributes":[],"dependencies":["module.application.null_resource.app_build","module.application.random_id.app_id","module.application.random_string.app_version","module.database.null_resource.db_backup_setup","module.database.null_resource.db_create","module.database.null_resource.db_migrate","module.database.null_resource.db_replication","module.database.random_id.db_instance_id","module.database.random_password.db_password","module.network.null_resource.igw_create","module.network.null_resource.route_table","module.network.null_resource.security_group","module.network.null_resource.subnet_1_create","module.network.null_resource.subnet_2_create","module.network.null_resource.subnet_3_create","module.network.null_resource.vpc_create","module.network.random_id.subnet_1","module.network.random_id.subnet_2","module.network.random_id.subnet_3","module.network.random_id.vpc_id","random_string.root_config"]}]},{"module":"module.application","mode":"managed","type":"null_resource","name":"health_check","provider":"provider[\"registry.opentofu.org/hashicorp/null\"]","instances":[{"schema_version":0,"attributes":{"id":"4568676886815622502","triggers":null},"sensitive_attributes":[],"dependencies":["module.application.null_resource.app_build","module.application.null_resource.app_deploy_1","module.application.null_resource.app_deploy_2","module.application.null_resource.app_deploy_3","module.application.null_resource.container_push","module.application.null_resource.load_balancer","module.application.random_id.app_id","module.application.random_string.app_version","module.database.null_resource.db_backup_setup","module.database.null_resource.db_create","module.database.null_resource.db_migrate","module.database.null_resource.db_replication","module.database.random_id.db_instance_id","module.database.random_password.db_password","module.network.null_resource.igw_create","module.network.null_resource.route_table","module.network.null_resource.security_group","module.network.null_resource.subnet_1_create","module.network.null_resource.subnet_2_create","module.network.null_resource.subnet_3_create","module.network.null_resource.vpc_create","module.network.random_id.subnet_1","module.network.random_id.subnet_2","module.network.random_id.subnet_3","module.network.random_id.vpc_id","random_string.root_config"]}]},{"module":"module.application","mode":"managed","type":"null_resource","name":"load_balancer","provider":"provider[\"registry.opentofu.org/hashicorp/null\"]","instances":[{"schema_version":0,"attributes":{"id":"7860045985282265063","triggers":{"vpc_id":"vpc-6fe9231a"}},"sensitive_attributes":[],"dependencies":["module.database.null_resource.db_backup_setup","module.database.null_resource.db_create","module.database.null_resource.db_migrate","module.database.null_resource.db_replication","module.database.random_id.db_instance_id","module.database.random_password.db_password","module.network.null_resource.igw_create","module.network.null_resource.route_table","module.network.null_resource.security_group","module.network.null_resource.subnet_1_create","module.network.null_resource.subnet_2_create","module.network.null_resource.subnet_3_create","module.network.null_resource.vpc_create","module.network.random_id.subnet_1","module.network.random_id.subnet_2","module.network.random_id.subnet_3","module.network.random_id.vpc_id","random_string.root_config"]}]},{"module":"module.application","mode":"managed","type":"null_resource","name":"monitoring","provider":"provider[\"registry.opentofu.org/hashicorp/null\"]","instances":[{"schema_version":0,"attributes":{"id":"2058697376021614075","triggers":null},"sensitive_attributes":[],"dependencies":["module.application.null_resource.app_build","module.application.null_resource.app_deploy_1","module.application.null_resource.app_deploy_2","module.application.null_resource.app_deploy_3","module.application.null_resource.container_push","module.application.null_resource.health_check","module.application.null_resource.load_balancer","module.application.random_id.app_id","module.application.random_string.app_version","module.database.null_resource.db_backup_setup","module.database.null_resource.db_create","module.database.null_resource.db_migrate","module.database.null_resource.db_replication","module.database.random_id.db_instance_id","module.database.random_password.db_password","module.network.null_resource.igw_create","module.network.null_resource.route_table","module.network.null_resource.security_group","module.network.null_resource.subnet_1_create","module.network.null_resource.subnet_2_create","module.network.null_resource.subnet_3_create","module.network.null_resource.vpc_create","module.network.random_id.subnet_1","module.network.random_id.subnet_2","module.network.random_id.subnet_3","module.network.random_id.vpc_id","random_string.root_config"]}]},{"module":"module.application","mode":"managed","type":"random_id","name":"app_id","provider":"provider[\"registry.opentofu.org/hashicorp/random\"]","instances":[{"schema_version":0,"attributes":{"b64_std":"yqy9ErIs","b64_url":"yqy9ErIs","byte_length":6,"dec":"222843255304748","hex":"caacbd12b22c","id":"yqy9ErIs","keepers":null,"prefix":null},"sensitive_attributes":[],"dependencies":["module.database.null_resource.db_backup_setup","module.database.null_resource.db_create","module.database.null_resource.db_migrate","module.database.null_resource.db_replication","module.database.random_id.db_instance_id","module.database.random_password.db_password","module.network.null_resource.igw_create","module.network.null_resource.route_table","module.network.null_resource.security_group","module.network.null_resource.subnet_1_create","module.network.null_resource.subnet_2_create","module.network.null_resource.subnet_3_create","module.network.null_resource.vpc_create","module.network.random_id.subnet_1","module.network.random_id.subnet_2","module.network.random_id.subnet_3","module.network.random_id.vpc_id","random_string.root_config"]}]},{"module":"module.application","mode":"managed","type":"random_string","name":"app_version","provider":"provider[\"registry.opentofu.org/hashicorp/random\"]","instances":[{"schema_version":2,"attributes":{"id":"5kl2wz65","keepers":null,"length":8,"lower":true,"min_lower":0,"min_numeric":0,"min_special":0,"min_upper":0,"number":true,"numeric":true,"override_special":null,"result":"5kl2wz65","special":false,"upper":false},"sensitive_attributes":[],"dependencies":["module.database.null_resource.db_backup_setup","module.database.null_resource.db_create","module.database.null_resource.db_migrate","module.database.null_resource.db_replication","module.database.random_id.db_instance_id","module.database.random_password.db_password","module.network.null_resource.igw_create","module.network.null_resource.route_table","module.network.null_resource.security_group","module.network.null_resource.subnet_1_create","module.network.null_resource.subnet_2_create","module.network.null_resource.subnet_3_create","module.network.null_resource.vpc_create","module.network.random_id.subnet_1","module.network.random_id.subnet_2","module.network.random_id.subnet_3","module.network.random_id.vpc_id","random_string.root_config"]}]},{"module":"module.database","mode":"managed","type":"null_resource","name":"db_backup_setup","provider":"provider[\"registry.opentofu.org/hashicorp/null\"]","instances":[{"schema_version":0,"attributes":{"id":"7395199492080424475","triggers":null},"sensitive_attributes":[],"dependencies":["module.database.null_resource.db_create","module.database.null_resource.db_migrate","module.database.random_id.db_instance_id","random_string.root_config"]}]},{"module":"module.database","mode":"managed","type":"null_resource","name":"db_create","provider":"provider[\"registry.opentofu.org/hashicorp/null\"]","instances":[{"schema_version":0,"attributes":{"id":"7734088448891966649","triggers":{"db_id":"6997ccb96a1d958d","db_name":"ZcVmy0IVQ4HO"}},"sensitive_attributes":[],"dependencies":["module.database.random_id.db_instance_id","random_string.root_config"]}]},{"module":"module.database","mode":"managed","type":"null_resource","name":"db_migrate","provider":"provider[\"registry.opentofu.org/hashicorp/null\"]","instances":[{"schema_version":0,"attributes":{"id":"2472870578812760940","triggers":null},"sensitive_attributes":[],"dependencies":["module.database.null_resource.db_create","module.database.random_id.db_instance_id","random_string.root_config"]}]},{"module":"module.database","mode":"managed","type":"null_resource","name":"db_replication","provider":"provider[\"registry.opentofu.org/hashicorp/null\"]","instances":[{"schema_version":0,"attributes":{"id":"6042555426637708303","triggers":null},"sensitive_attributes":[],"dependencies":["module.database.null_resource.db_backup_setup","module.database.null_resource.db_create","module.database.null_resource.db_migrate","module.database.random_id.db_instance_id","random_string.root_config"]}]},{"module":"module.database","mode":"managed","type":"random_id","name":"db_instance_id","provider":"provider[\"registry.opentofu.org/hashicorp/random\"]","instances":[{"schema_version":0,"attributes":{"b64_std":"aZfMuWodlY0=","b64_url":"aZfMuWodlY0","byte_length":8,"dec":"7608775192187082125","hex":"6997ccb96a1d958d","id":"aZfMuWodlY0","keepers":null,"prefix":null},"sensitive_attributes":[]}]},{"module":"module.database","mode":"managed","type":"random_password","name":"db_password","provider":"provider[\"registry.opentofu.org/hashicorp/random\"]","instances":[{"schema_version":3,"attributes":{"bcrypt_hash":"$2a$10$FZY47ObunWDgqwZAD07fVer4t20vqOrmdpHldO7ONa8G6QC3GA5G6","id":"none","keepers":null,"length":16,"lower":true,"min_lower":0,"min_numeric":0,"min_special":0,"min_upper":0,"number":true,"numeric":true,"override_special":null,"result":"NfQ!CWLbmwZrL]Cv","special":true,"upper":true},"sensitive_attributes":[[{"type":"get_attr","value":"bcrypt_hash"}],[{"type":"get_attr","value":"result"}]]}]},{"module":"module.network","mode":"managed","type":"null_resource","name":"igw_create","provider":"provider[\"registry.opentofu.org/hashicorp/null\"]","instances":[{"schema_version":0,"attributes":{"id":"482957431551609045","triggers":null},"sensitive_attributes":[],"dependencies":["module.network.null_resource.vpc_create","module.network.random_id.vpc_id"]}]},{"module":"module.network","mode":"managed","type":"null_resource","name":"route_table","provider":"provider[\"registry.opentofu.org/hashicorp/null\"]","instances":[{"schema_version":0,"attributes":{"id":"8102049503079508398","triggers":null},"sensitive_attributes":[],"dependencies":["module.network.null_resource.igw_create","module.network.null_resource.subnet_1_create","module.network.null_resource.subnet_2_create","module.network.null_resource.subnet_3_create","module.network.null_resource.vpc_create","module.network.random_id.vpc_id"]}]},{"module":"module.network","mode":"managed","type":"null_resource","name":"security_group","provider":"provider[\"registry.opentofu.org/hashicorp/null\"]","instances":[{"schema_version":0,"attributes":{"id":"2855548022645351280","triggers":null},"sensitive_attributes":[],"dependencies":["module.network.null_resource.igw_create","module.network.null_resource.route_table","module.network.null_resource.subnet_1_create","module.network.null_resource.subnet_2_create","module.network.null_resource.subnet_3_create","module.network.null_resource.vpc_create","module.network.random_id.vpc_id"]}]},{"module":"module.network","mode":"managed","type":"null_resource","name":"subnet_1_create","provider":"provider[\"registry.opentofu.org/hashicorp/null\"]","instances":[{"schema_version":0,"attributes":{"id":"6628097972275815466","triggers":null},"sensitive_attributes":[],"dependencies":["module.network.null_resource.vpc_create","module.network.random_id.vpc_id"]}]},{"module":"module.network","mode":"managed","type":"null_resource","name":"subnet_2_create","provider":"provider[\"registry.opentofu.org/hashicorp/null\"]","instances":[{"schema_version":0,"attributes":{"id":"3565174635277066184","triggers":null},"sensitive_attributes":[],"dependencies":["module.network.null_resource.vpc_create","module.network.random_id.vpc_id"]}]},{"module":"module.network","mode":"managed","type":"null_resource","name":"subnet_3_create","provider":"provider[\"registry.opentofu.org/hashicorp/null\"]","instances":[{"schema_version":0,"attributes":{"id":"3074980592658804280","triggers":null},"sensitive_attributes":[],"dependencies":["module.network.null_resource.vpc_create","module.network.random_id.vpc_id"]}]},{"module":"module.network","mode":"managed","type":"null_resource","name":"vpc_create","provider":"provider[\"registry.opentofu.org/hashicorp/null\"]","instances":[{"schema_version":0,"attributes":{"id":"2313232242179765651","triggers":{"env":"test","vpc_id":"6fe9231a"}},"sensitive_attributes":[],"dependencies":["module.network.random_id.vpc_id"]}]},{"module":"module.network","mode":"managed","type":"random_id","name":"subnet_1","provider":"provider[\"registry.opentofu.org/hashicorp/random\"]","instances":[{"schema_version":0,"attributes":{"b64_std":"hwPXvQ==","b64_url":"hwPXvQ","byte_length":4,"dec":"2265175997","hex":"8703d7bd","id":"hwPXvQ","keepers":null,"prefix":null},"sensitive_attributes":[]}]},{"module":"module.network","mode":"managed","type":"random_id","name":"subnet_2","provider":"provider[\"registry.opentofu.org/hashicorp/random\"]","instances":[{"schema_version":0,"attributes":{"b64_std":"dPj0kQ==","b64_url":"dPj0kQ","byte_length":4,"dec":"1962472593","hex":"74f8f491","id":"dPj0kQ","keepers":null,"prefix":null},"sensitive_attributes":[]}]},{"module":"module.network","mode":"managed","type":"random_id","name":"subnet_3","provider":"provider[\"registry.opentofu.org/hashicorp/random\"]","instances":[{"schema_version":0,"attributes":{"b64_std":"fX0Z8g==","b64_url":"fX0Z8g","byte_length":4,"dec":"2105350642","hex":"7d7d19f2","id":"fX0Z8g","keepers":null,"prefix":null},"sensitive_attributes":[]}]},{"module":"module.network","mode":"managed","type":"random_id","name":"vpc_id","provider":"provider[\"registry.opentofu.org/hashicorp/random\"]","instances":[{"schema_version":0,"attributes":{"b64_std":"b+kjGg==","b64_url":"b-kjGg","byte_length":4,"dec":"1877549850","hex":"6fe9231a","id":"b-kjGg","keepers":null,"prefix":null},"sensitive_attributes":[]}]}],"check_results":null}
