{
  "version": 4,
  "terraform_version": "1.3.0",
  "serial": 2,
  "lineage": "e2a94970-ee0e-0eb7-16a5-67e94860dc8e",
  "outputs": {},
  "resources": [
    {
      "mode": "managed",
      "type": "local_file",
      "name": "local_file",
      "provider": "provider[\"registry.opentf.org/hashicorp/local\"]",
      "instances": [
        {
          "schema_version": 0,
          "attributes": {
            "content": "{\"hello\":\"world\"}",
            "content_base64": null,
            "directory_permission": "0777",
            "file_permission": "0777",
            "filename": "output.json",
            "id": "2248ee2fa0aaaad99178531f924bf00b4b0a8f4e",
            "sensitive_content": null,
            "source": null
          },
          "sensitive_attributes": [],
          "private": "bnVsbA=="
        }
      ]
    }
  ],
  "check_results": []
}
